
Microsoft Visual Studio Solution File, Format Version 12.00
# Visual Studio Version 17
VisualStudioVersion = 17.7.34202.233
MinimumVisualStudioVersion = 10.0.40219.1
Project("{FAE04EC0-301F-11D3-BF4B-00C04F79EFBC}") = "Lab2", "Lab2\Lab2.csproj", "{072E747F-B252-436E-BF99-CBC43D6EB9CE}"
EndProject
Global
	GlobalSection(SolutionConfigurationPlatforms) = preSolution
		Debug|Any CPU = Debug|Any CPU
		Release|Any CPU = Release|Any CPU
	EndGlobalSection
	GlobalSection(ProjectConfigurationPlatforms) = postSolution
		{072E747F-B252-436E-BF99-CBC43D6EB9CE}.Debug|Any CPU.ActiveCfg = Debug|Any CPU
		{072E747F-B252-436E-BF99-CBC43D6EB9CE}.Debug|Any CPU.Build.0 = Debug|Any CPU
		{072E747F-B252-436E-BF99-CBC43D6EB9CE}.Release|Any CPU.ActiveCfg = Release|Any CPU
		{072E747F-B252-436E-BF99-CBC43D6EB9CE}.Release|Any CPU.Build.0 = Release|Any CPU
	EndGlobalSection
	GlobalSection(SolutionProperties) = preSolution
		HideSolutionNode = FALSE
	EndGlobalSection
	GlobalSection(ExtensibilityGlobals) = postSolution
		SolutionGuid = {55311786-D9FB-4642-A47D-F49369CBF61D}
	EndGlobalSection
EndGlobal
